// !$*UTF8*$!
{
	archiveVersion = 1;
	classes = {
	};
	objectVersion = 56;
	objects = {

/* Begin PBXBuildFile section */
		DC4EE6C92B2E371900B2F414 /* PokerGraphApp.swift in Sources */ = {isa = PBXBuildFile; fileRef = DC4EE6C82B2E371900B2F414 /* PokerGraphApp.swift */; };
		DC4EE6CB2B2E371900B2F414 /* ContentView.swift in Sources */ = {isa = PBXBuildFile; fileRef = DC4EE6CA2B2E371900B2F414 /* ContentView.swift */; };
		DC4EE6CD2B2E371B00B2F414 /* Assets.xcassets in Resources */ = {isa = PBXBuildFile; fileRef = DC4EE6CC2B2E371B00B2F414 /* Assets.xcassets */; };
		DC4EE6D02B2E371B00B2F414 /* Preview Assets.xcassets in Resources */ = {isa = PBXBuildFile; fileRef = DC4EE6CF2B2E371B00B2F414 /* Preview Assets.xcassets */; };
		DC4EE6DC2B2F1CA500B2F414 /* PokerData.swift in Sources */ = {isa = PBXBuildFile; fileRef = DC4EE6DB2B2F1CA500B2F414 /* PokerData.swift */; };
		DC4EE6E02B2F460A00B2F414 /* all_hands.json in Resources */ = {isa = PBXBuildFile; fileRef = DC4EE6DF2B2F460A00B2F414 /* all_hands.json */; };
		DCFF41242B31EDF3005B81C6 /* Fetcher.swift in Sources */ = {isa = PBXBuildFile; fileRef = DCFF41232B31EDF3005B81C6 /* Fetcher.swift */; };
		DCFF41272B3379DD005B81C6 /* String+Extension.swift in Sources */ = {isa = PBXBuildFile; fileRef = DCFF41262B3379DD005B81C6 /* String+Extension.swift */; };
		DCFF41292B3379E8005B81C6 /* CGFloat+Extension.swift in Sources */ = {isa = PBXBuildFile; fileRef = DCFF41282B3379E8005B81C6 /* CGFloat+Extension.swift */; };
		DCFF412B2B337A38005B81C6 /* DateFormatter+Extension.swift in Sources */ = {isa = PBXBuildFile; fileRef = DCFF412A2B337A38005B81C6 /* DateFormatter+Extension.swift */; };
/* End PBXBuildFile section */

/* Begin PBXFileReference section */
		DC4EE6C52B2E371900B2F414 /* PokerGraph.app */ = {isa = PBXFileReference; explicitFileType = wrapper.application; includeInIndex = 0; path = PokerGraph.app; sourceTree = BUILT_PRODUCTS_DIR; };
		DC4EE6C82B2E371900B2F414 /* PokerGraphApp.swift */ = {isa = PBXFileReference; lastKnownFileType = sourcecode.swift; path = PokerGraphApp.swift; sourceTree = "<group>"; };
		DC4EE6CA2B2E371900B2F414 /* ContentView.swift */ = {isa = PBXFileReference; lastKnownFileType = sourcecode.swift; path = ContentView.swift; sourceTree = "<group>"; };
		DC4EE6CC2B2E371B00B2F414 /* Assets.xcassets */ = {isa = PBXFileReference; lastKnownFileType = folder.assetcatalog; path = Assets.xcassets; sourceTree = "<group>"; };
		DC4EE6CF2B2E371B00B2F414 /* Preview Assets.xcassets */ = {isa = PBXFileReference; lastKnownFileType = folder.assetcatalog; path = "Preview Assets.xcassets"; sourceTree = "<group>"; };
		DC4EE6DB2B2F1CA500B2F414 /* PokerData.swift */ = {isa = PBXFileReference; lastKnownFileType = sourcecode.swift; path = PokerData.swift; sourceTree = "<group>"; };
		DC4EE6DF2B2F460A00B2F414 /* all_hands.json */ = {isa = PBXFileReference; lastKnownFileType = text.json; path = all_hands.json; sourceTree = "<group>"; };
		DCFF41232B31EDF3005B81C6 /* Fetcher.swift */ = {isa = PBXFileReference; lastKnownFileType = sourcecode.swift; path = Fetcher.swift; sourceTree = "<group>"; };
		DCFF41262B3379DD005B81C6 /* String+Extension.swift */ = {isa = PBXFileReference; lastKnownFileType = sourcecode.swift; path = "String+Extension.swift"; sourceTree = "<group>"; };
		DCFF41282B3379E8005B81C6 /* CGFloat+Extension.swift */ = {isa = PBXFileReference; lastKnownFileType = sourcecode.swift; path = "CGFloat+Extension.swift"; sourceTree = "<group>"; };
		DCFF412A2B337A38005B81C6 /* DateFormatter+Extension.swift */ = {isa = PBXFileReference; lastKnownFileType = sourcecode.swift; path = "DateFormatter+Extension.swift"; sourceTree = "<group>"; };
/* End PBXFileReference section */

/* Begin PBXFrameworksBuildPhase section */
		DC4EE6C22B2E371900B2F414 /* Frameworks */ = {
			isa = PBXFrameworksBuildPhase;
			buildActionMask = 2147483647;
			files = (
			);
			runOnlyForDeploymentPostprocessing = 0;
		};
/* End PBXFrameworksBuildPhase section */

/* Begin PBXGroup section */
		DC4EE6BC2B2E371900B2F414 = {
			isa = PBXGroup;
			children = (
				DC4EE6C72B2E371900B2F414 /* PokerGraph */,
				DC4EE6C62B2E371900B2F414 /* Products */,
			);
			sourceTree = "<group>";
		};
		DC4EE6C62B2E371900B2F414 /* Products */ = {
			isa = PBXGroup;
			children = (
				DC4EE6C52B2E371900B2F414 /* PokerGraph.app */,
			);
			name = Products;
			sourceTree = "<group>";
		};
		DC4EE6C72B2E371900B2F414 /* PokerGraph */ = {
			isa = PBXGroup;
			children = (
				DCFF41252B3379CF005B81C6 /* Extensions */,
				DCFF41222B31EDDE005B81C6 /* Fetcher */,
				DC4EE6DA2B2F1C9400B2F414 /* Model */,
				DC4EE6C82B2E371900B2F414 /* PokerGraphApp.swift */,
				DC4EE6CA2B2E371900B2F414 /* ContentView.swift */,
				DC4EE6CC2B2E371B00B2F414 /* Assets.xcassets */,
				DC4EE6CE2B2E371B00B2F414 /* Preview Content */,
			);
			path = PokerGraph;
			sourceTree = "<group>";
		};
		DC4EE6CE2B2E371B00B2F414 /* Preview Content */ = {
			isa = PBXGroup;
			children = (
				DC4EE6CF2B2E371B00B2F414 /* Preview Assets.xcassets */,
			);
			path = "Preview Content";
			sourceTree = "<group>";
		};
		DC4EE6DA2B2F1C9400B2F414 /* Model */ = {
			isa = PBXGroup;
			children = (
				DC4EE6DB2B2F1CA500B2F414 /* PokerData.swift */,
				DC4EE6DF2B2F460A00B2F414 /* all_hands.json */,
			);
			path = Model;
			sourceTree = "<group>";
		};
		DCFF41222B31EDDE005B81C6 /* Fetcher */ = {
			isa = PBXGroup;
			children = (
				DCFF41232B31EDF3005B81C6 /* Fetcher.swift */,
			);
			path = Fetcher;
			sourceTree = "<group>";
		};
		DCFF41252B3379CF005B81C6 /* Extensions */ = {
			isa = PBXGroup;
			children = (
				DCFF41262B3379DD005B81C6 /* String+Extension.swift */,
				DCFF41282B3379E8005B81C6 /* CGFloat+Extension.swift */,
				DCFF412A2B337A38005B81C6 /* DateFormatter+Extension.swift */,
			);
			path = Extensions;
			sourceTree = "<group>";
		};
/* End PBXGroup section */

/* Begin PBXNativeTarget section */
		DC4EE6C42B2E371900B2F414 /* PokerGraph */ = {
			isa = PBXNativeTarget;
			buildConfigurationList = DC4EE6D32B2E371B00B2F414 /* Build configuration list for PBXNativeTarget "PokerGraph" */;
			buildPhases = (
				DC4EE6C12B2E371900B2F414 /* Sources */,
				DC4EE6C22B2E371900B2F414 /* Frameworks */,
				DC4EE6C32B2E371900B2F414 /* Resources */,
			);
			buildRules = (
			);
			dependencies = (
			);
			name = PokerGraph;
			productName = PokerGraph;
			productReference = DC4EE6C52B2E371900B2F414 /* PokerGraph.app */;
			productType = "com.apple.product-type.application";
		};
/* End PBXNativeTarget section */

/* Begin PBXProject section */
		DC4EE6BD2B2E371900B2F414 /* Project object */ = {
			isa = PBXProject;
			attributes = {
				BuildIndependentTargetsInParallel = 1;
				LastSwiftUpdateCheck = 1430;
				LastUpgradeCheck = 1430;
				TargetAttributes = {
					DC4EE6C42B2E371900B2F414 = {
						CreatedOnToolsVersion = 14.3.1;
					};
				};
			};
			buildConfigurationList = DC4EE6C02B2E371900B2F414 /* Build configuration list for PBXProject "PokerGraph" */;
			compatibilityVersion = "Xcode 14.0";
			developmentRegion = en;
			hasScannedForEncodings = 0;
			knownRegions = (
				en,
				Base,
			);
			mainGroup = DC4EE6BC2B2E371900B2F414;
			productRefGroup = DC4EE6C62B2E371900B2F414 /* Products */;
			projectDirPath = "";
			projectRoot = "";
			targets = (
				DC4EE6C42B2E371900B2F414 /* PokerGraph */,
			);
		};
/* End PBXProject section */

/* Begin PBXResourcesBuildPhase section */
		DC4EE6C32B2E371900B2F414 /* Resources */ = {
			isa = PBXResourcesBuildPhase;
			buildActionMask = 2147483647;
			files = (
				DC4EE6E02B2F460A00B2F414 /* all_hands.json in Resources */,
				DC4EE6D02B2E371B00B2F414 /* Preview Assets.xcassets in Resources */,
				DC4EE6CD2B2E371B00B2F414 /* Assets.xcassets in Resources */,
			);
			runOnlyForDeploymentPostprocessing = 0;
		};
/* End PBXResourcesBuildPhase section */

/* Begin PBXSourcesBuildPhase section */
		DC4EE6C12B2E371900B2F414 /* Sources */ = {
			isa = PBXSourcesBuildPhase;
			buildActionMask = 2147483647;
			files = (
				DC4EE6CB2B2E371900B2F414 /* ContentView.swift in Sources */,
				DC4EE6DC2B2F1CA500B2F414 /* PokerData.swift in Sources */,
				DCFF41292B3379E8005B81C6 /* CGFloat+Extension.swift in Sources */,
				DCFF412B2B337A38005B81C6 /* DateFormatter+Extension.swift in Sources */,
				DC4EE6C92B2E371900B2F414 /* PokerGraphApp.swift in Sources */,
				DCFF41272B3379DD005B81C6 /* String+Extension.swift in Sources */,
				DCFF41242B31EDF3005B81C6 /* Fetcher.swift in Sources */,
			);
			runOnlyForDeploymentPostprocessing = 0;
		};
/* End PBXSourcesBuildPhase section */

/* Begin XCBuildConfiguration section */
		DC4EE6D12B2E371B00B2F414 /* Debug */ = {
			isa = XCBuildConfiguration;
			buildSettings = {
				ALWAYS_SEARCH_USER_PATHS = NO;
				CLANG_ANALYZER_NONNULL = YES;
				CLANG_ANALYZER_NUMBER_OBJECT_CONVERSION = YES_AGGRESSIVE;
				CLANG_CXX_LANGUAGE_STANDARD = "gnu++20";
				CLANG_ENABLE_MODULES = YES;
				CLANG_ENABLE_OBJC_ARC = YES;
				CLANG_ENABLE_OBJC_WEAK = YES;
				CLANG_WARN_BLOCK_CAPTURE_AUTORELEASING = YES;
				CLANG_WARN_BOOL_CONVERSION = YES;
				CLANG_WARN_COMMA = YES;
				CLANG_WARN_CONSTANT_CONVERSION = YES;
				CLANG_WARN_DEPRECATED_OBJC_IMPLEMENTATIONS = YES;
				CLANG_WARN_DIRECT_OBJC_ISA_USAGE = YES_ERROR;
				CLANG_WARN_DOCUMENTATION_COMMENTS = YES;
				CLANG_WARN_EMPTY_BODY = YES;
				CLANG_WARN_ENUM_CONVERSION = YES;
				CLANG_WARN_INFINITE_RECURSION = YES;
				CLANG_WARN_INT_CONVERSION = YES;
				CLANG_WARN_NON_LITERAL_NULL_CONVERSION = YES;
				CLANG_WARN_OBJC_IMPLICIT_RETAIN_SELF = YES;
				CLANG_WARN_OBJC_LITERAL_CONVERSION = YES;
				CLANG_WARN_OBJC_ROOT_CLASS = YES_ERROR;
				CLANG_WARN_QUOTED_INCLUDE_IN_FRAMEWORK_HEADER = YES;
				CLANG_WARN_RANGE_LOOP_ANALYSIS = YES;
				CLANG_WARN_STRICT_PROTOTYPES = YES;
				CLANG_WARN_SUSPICIOUS_MOVE = YES;
				CLANG_WARN_UNGUARDED_AVAILABILITY = YES_AGGRESSIVE;
				CLANG_WARN_UNREACHABLE_CODE = YES;
				CLANG_WARN__DUPLICATE_METHOD_MATCH = YES;
				COPY_PHASE_STRIP = NO;
				DEBUG_INFORMATION_FORMAT = dwarf;
				ENABLE_STRICT_OBJC_MSGSEND = YES;
				ENABLE_TESTABILITY = YES;
				GCC_C_LANGUAGE_STANDARD = gnu11;
				GCC_DYNAMIC_NO_PIC = NO;
				GCC_NO_COMMON_BLOCKS = YES;
				GCC_OPTIMIZATION_LEVEL = 0;
				GCC_PREPROCESSOR_DEFINITIONS = (
					"DEBUG=1",
					"$(inherited)",
				);
				GCC_WARN_64_TO_32_BIT_CONVERSION = YES;
				GCC_WARN_ABOUT_RETURN_TYPE = YES_ERROR;
				GCC_WARN_UNDECLARED_SELECTOR = YES;
				GCC_WARN_UNINITIALIZED_AUTOS = YES_AGGRESSIVE;
				GCC_WARN_UNUSED_FUNCTION = YES;
				GCC_WARN_UNUSED_VARIABLE = YES;
				IPHONEOS_DEPLOYMENT_TARGET = 16.4;
				MTL_ENABLE_DEBUG_INFO = INCLUDE_SOURCE;
				MTL_FAST_MATH = YES;
				ONLY_ACTIVE_ARCH = YES;
				SDKROOT = iphoneos;
				SWIFT_ACTIVE_COMPILATION_CONDITIONS = DEBUG;
				SWIFT_OPTIMIZATION_LEVEL = "-Onone";
			};
			name = Debug;
		};
		DC4EE6D22B2E371B00B2F414 /* Release */ = {
			isa = XCBuildConfiguration;
			buildSettings = {
				ALWAYS_SEARCH_USER_PATHS = NO;
				CLANG_ANALYZER_NONNULL = YES;
				CLANG_ANALYZER_NUMBER_OBJECT_CONVERSION = YES_AGGRESSIVE;
				CLANG_CXX_LANGUAGE_STANDARD = "gnu++20";
				CLANG_ENABLE_MODULES = YES;
				CLANG_ENABLE_OBJC_ARC = YES;
				CLANG_ENABLE_OBJC_WEAK = YES;
				CLANG_WARN_BLOCK_CAPTURE_AUTORELEASING = YES;
				CLANG_WARN_BOOL_CONVERSION = YES;
				CLANG_WARN_COMMA = YES;
				CLANG_WARN_CONSTANT_CONVERSION = YES;
				CLANG_WARN_DEPRECATED_OBJC_IMPLEMENTATIONS = YES;
				CLANG_WARN_DIRECT_OBJC_ISA_USAGE = YES_ERROR;
				CLANG_WARN_DOCUMENTATION_COMMENTS = YES;
				CLANG_WARN_EMPTY_BODY = YES;
				CLANG_WARN_ENUM_CONVERSION = YES;
				CLANG_WARN_INFINITE_RECURSION = YES;
				CLANG_WARN_INT_CONVERSION = YES;
				CLANG_WARN_NON_LITERAL_NULL_CONVERSION = YES;
				CLANG_WARN_OBJC_IMPLICIT_RETAIN_SELF = YES;
				CLANG_WARN_OBJC_LITERAL_CONVERSION = YES;
				CLANG_WARN_OBJC_ROOT_CLASS = YES_ERROR;
				CLANG_WARN_QUOTED_INCLUDE_IN_FRAMEWORK_HEADER = YES;
				CLANG_WARN_RANGE_LOOP_ANALYSIS = YES;
				CLANG_WARN_STRICT_PROTOTYPES = YES;
				CLANG_WARN_SUSPICIOUS_MOVE = YES;
				CLANG_WARN_UNGUARDED_AVAILABILITY = YES_AGGRESSIVE;
				CLANG_WARN_UNREACHABLE_CODE = YES;
				CLANG_WARN__DUPLICATE_METHOD_MATCH = YES;
				COPY_PHASE_STRIP = NO;
				DEBUG_INFORMATION_FORMAT = "dwarf-with-dsym";
				ENABLE_NS_ASSERTIONS = NO;
				ENABLE_STRICT_OBJC_MSGSEND = YES;
				GCC_C_LANGUAGE_STANDARD = gnu11;
				GCC_NO_COMMON_BLOCKS = YES;
				GCC_WARN_64_TO_32_BIT_CONVERSION = YES;
				GCC_WARN_ABOUT_RETURN_TYPE = YES_ERROR;
				GCC_WARN_UNDECLARED_SELECTOR = YES;
				GCC_WARN_UNINITIALIZED_AUTOS = YES_AGGRESSIVE;
				GCC_WARN_UNUSED_FUNCTION = YES;
				GCC_WARN_UNUSED_VARIABLE = YES;
				IPHONEOS_DEPLOYMENT_TARGET = 16.4;
				MTL_ENABLE_DEBUG_INFO = NO;
				MTL_FAST_MATH = YES;
				SDKROOT = iphoneos;
				SWIFT_COMPILATION_MODE = wholemodule;
				SWIFT_OPTIMIZATION_LEVEL = "-O";
				VALIDATE_PRODUCT = YES;
			};
			name = Release;
		};
		DC4EE6D42B2E371B00B2F414 /* Debug */ = {
			isa = XCBuildConfiguration;
			buildSettings = {
				ASSETCATALOG_COMPILER_APPICON_NAME = AppIcon;
				ASSETCATALOG_COMPILER_GLOBAL_ACCENT_COLOR_NAME = AccentColor;
				CODE_SIGN_STYLE = Automatic;
				CURRENT_PROJECT_VERSION = 1;
				DEVELOPMENT_ASSET_PATHS = "\"PokerGraph/Preview Content\"";
				ENABLE_PREVIEWS = YES;
				GENERATE_INFOPLIST_FILE = YES;
				INFOPLIST_KEY_UIApplicationSceneManifest_Generation = YES;
				INFOPLIST_KEY_UIApplicationSupportsIndirectInputEvents = YES;
				INFOPLIST_KEY_UILaunchScreen_Generation = YES;
				INFOPLIST_KEY_UISupportedInterfaceOrientations_iPad = "UIInterfaceOrientationPortrait UIInterfaceOrientationPortraitUpsideDown UIInterfaceOrientationLandscapeLeft UIInterfaceOrientationLandscapeRight";
				INFOPLIST_KEY_UISupportedInterfaceOrientations_iPhone = "UIInterfaceOrientationPortrait UIInterfaceOrientationLandscapeLeft UIInterfaceOrientationLandscapeRight";
				LD_RUNPATH_SEARCH_PATHS = (
					"$(inherited)",
					"@executable_path/Frameworks",
				);
				MARKETING_VERSION = 1.0;
				PRODUCT_BUNDLE_IDENTIFIER = joCs.PokerGraph;
				PRODUCT_NAME = "$(TARGET_NAME)";
				SWIFT_EMIT_LOC_STRINGS = YES;
				SWIFT_VERSION = 5.0;
				TARGETED_DEVICE_FAMILY = "1,2";
			};
			name = Debug;
		};
		DC4EE6D52B2E371B00B2F414 /* Release */ = {
			isa = XCBuildConfiguration;
			buildSettings = {
				ASSETCATALOG_COMPILER_APPICON_NAME = AppIcon;
				ASSETCATALOG_COMPILER_GLOBAL_ACCENT_COLOR_NAME = AccentColor;
				CODE_SIGN_STYLE = Automatic;
				CURRENT_PROJECT_VERSION = 1;
				DEVELOPMENT_ASSET_PATHS = "\"PokerGraph/Preview Content\"";
				ENABLE_PREVIEWS = YES;
				GENERATE_INFOPLIST_FILE = YES;
				INFOPLIST_KEY_UIApplicationSceneManifest_Generation = YES;
				INFOPLIST_KEY_UIApplicationSupportsIndirectInputEvents = YES;
				INFOPLIST_KEY_UILaunchScreen_Generation = YES;
				INFOPLIST_KEY_UISupportedInterfaceOrientations_iPad = "UIInterfaceOrientationPortrait UIInterfaceOrientationPortraitUpsideDown UIInterfaceOrientationLandscapeLeft UIInterfaceOrientationLandscapeRight";
				INFOPLIST_KEY_UISupportedInterfaceOrientations_iPhone = "UIInterfaceOrientationPortrait UIInterfaceOrientationLandscapeLeft UIInterfaceOrientationLandscapeRight";
				LD_RUNPATH_SEARCH_PATHS = (
					"$(inherited)",
					"@executable_path/Frameworks",
				);
				MARKETING_VERSION = 1.0;
				PRODUCT_BUNDLE_IDENTIFIER = joCs.PokerGraph;
				PRODUCT_NAME = "$(TARGET_NAME)";
				SWIFT_EMIT_LOC_STRINGS = YES;
				SWIFT_VERSION = 5.0;
				TARGETED_DEVICE_FAMILY = "1,2";
			};
			name = Release;
		};
/* End XCBuildConfiguration section */

/* Begin XCConfigurationList section */
		DC4EE6C02B2E371900B2F414 /* Build configuration list for PBXProject "PokerGraph" */ = {
			isa = XCConfigurationList;
			buildConfigurations = (
				DC4EE6D12B2E371B00B2F414 /* Debug */,
				DC4EE6D22B2E371B00B2F414 /* Release */,
			);
			defaultConfigurationIsVisible = 0;
			defaultConfigurationName = Release;
		};
		DC4EE6D32B2E371B00B2F414 /* Build configuration list for PBXNativeTarget "PokerGraph" */ = {
			isa = XCConfigurationList;
			buildConfigurations = (
				DC4EE6D42B2E371B00B2F414 /* Debug */,
				DC4EE6D52B2E371B00B2F414 /* Release */,
			);
			defaultConfigurationIsVisible = 0;
			defaultConfigurationName = Release;
		};
/* End XCConfigurationList section */
	};
	rootObject = DC4EE6BD2B2E371900B2F414 /* Project object */;
}
